
Microsoft Visual Studio Solution File, Format Version 12.00
# Visual Studio Version 16
VisualStudioVersion = 16.0.31205.134
MinimumVisualStudioVersion = 10.0.40219.1
Project("{FAE04EC0-301F-11D3-BF4B-00C04F79EFBC}") = "Dosya Resim İşlemleri", "Dosya Resim İşlemleri\Dosya Resim İşlemleri.csproj", "{288BC8E2-768D-4C4C-A575-EA2084B3F03A}"
EndProject
Global
	GlobalSection(SolutionConfigurationPlatforms) = preSolution
		Debug|Any CPU = Debug|Any CPU
		Release|Any CPU = Release|Any CPU
	EndGlobalSection
	GlobalSection(ProjectConfigurationPlatforms) = postSolution
		{288BC8E2-768D-4C4C-A575-EA2084B3F03A}.Debug|Any CPU.ActiveCfg = Debug|Any CPU
		{288BC8E2-768D-4C4C-A575-EA2084B3F03A}.Debug|Any CPU.Build.0 = Debug|Any CPU
		{288BC8E2-768D-4C4C-A575-EA2084B3F03A}.Release|Any CPU.ActiveCfg = Release|Any CPU
		{288BC8E2-768D-4C4C-A575-EA2084B3F03A}.Release|Any CPU.Build.0 = Release|Any CPU
	EndGlobalSection
	GlobalSection(SolutionProperties) = preSolution
		HideSolutionNode = FALSE
	EndGlobalSection
	GlobalSection(ExtensibilityGlobals) = postSolution
		SolutionGuid = {332C028E-88E1-4BF1-8618-961E4619214C}
	EndGlobalSection
EndGlobal
